
Microsoft Visual Studio Solution File, Format Version 12.00
# Visual Studio Version 17
VisualStudioVersion = 17.5.33424.131
MinimumVisualStudioVersion = 10.0.40219.1
Project("{8BC9CEB8-8B4A-11D0-8D11-00A0C91BC942}") = "oopkelasA", "oopkelasA\oopkelasA.vcxproj", "{AF12F76F-B644-4FF3-94B7-4F2D629B096D}"
EndProject
Global
	GlobalSection(SolutionConfigurationPlatforms) = preSolution
		Debug|x64 = Debug|x64
		Debug|x86 = Debug|x86
		Release|x64 = Release|x64
		Release|x86 = Release|x86
	EndGlobalSection
	GlobalSection(ProjectConfigurationPlatforms) = postSolution
		{AF12F76F-B644-4FF3-94B7-4F2D629B096D}.Debug|x64.ActiveCfg = Debug|x64
		{AF12F76F-B644-4FF3-94B7-4F2D629B096D}.Debug|x64.Build.0 = Debug|x64
		{AF12F76F-B644-4FF3-94B7-4F2D629B096D}.Debug|x86.ActiveCfg = Debug|Win32
		{AF12F76F-B644-4FF3-94B7-4F2D629B096D}.Debug|x86.Build.0 = Debug|Win32
		{AF12F76F-B644-4FF3-94B7-4F2D629B096D}.Release|x64.ActiveCfg = Release|x64
		{AF12F76F-B644-4FF3-94B7-4F2D629B096D}.Release|x64.Build.0 = Release|x64
		{AF12F76F-B644-4FF3-94B7-4F2D629B096D}.Release|x86.ActiveCfg = Release|Win32
		{AF12F76F-B644-4FF3-94B7-4F2D629B096D}.Release|x86.Build.0 = Release|Win32
	EndGlobalSection
	GlobalSection(SolutionProperties) = preSolution
		HideSolutionNode = FALSE
	EndGlobalSection
	GlobalSection(ExtensibilityGlobals) = postSolution
		SolutionGuid = {F732F1A3-6604-4CC5-93A4-5BE41D6C2B3D}
	EndGlobalSection
EndGlobal
